
Microsoft Visual Studio Solution File, Format Version 12.00
# Visual Studio 2013
VisualStudioVersion = 12.0.21005.1
MinimumVisualStudioVersion = 10.0.40219.1
Project("{FAE04EC0-301F-11D3-BF4B-00C04F79EFBC}") = "MVC_Web", "MVC_Web\MVC_Web.csproj", "{9D732E56-B947-4BFB-B305-497C9CEA0081}"
EndProject
Project("{FAE04EC0-301F-11D3-BF4B-00C04F79EFBC}") = "MVC_DAL", "MVC_DAL\MVC_DAL.csproj", "{239DCA67-91B1-4936-B7DA-613F237E2874}"
EndProject
Project("{FAE04EC0-301F-11D3-BF4B-00C04F79EFBC}") = "MVC_BLL", "MVC_BLL\MVC_BLL.csproj", "{0CCE455D-D235-4561-9EB8-E23EAD64B353}"
EndProject
Project("{FAE04EC0-301F-11D3-BF4B-00C04F79EFBC}") = "MVC_DomainEntities", "MVC_DomainEntities\MVC_DomainEntities.csproj", "{A9F22F0E-6613-4F06-9B63-AF3431283DA9}"
EndProject
Global
	GlobalSection(SolutionConfigurationPlatforms) = preSolution
		Debug|Any CPU = Debug|Any CPU
		Release|Any CPU = Release|Any CPU
	EndGlobalSection
	GlobalSection(ProjectConfigurationPlatforms) = postSolution
		{9D732E56-B947-4BFB-B305-497C9CEA0081}.Debug|Any CPU.ActiveCfg = Debug|Any CPU
		{9D732E56-B947-4BFB-B305-497C9CEA0081}.Debug|Any CPU.Build.0 = Debug|Any CPU
		{9D732E56-B947-4BFB-B305-497C9CEA0081}.Release|Any CPU.ActiveCfg = Release|Any CPU
		{9D732E56-B947-4BFB-B305-497C9CEA0081}.Release|Any CPU.Build.0 = Release|Any CPU
		{239DCA67-91B1-4936-B7DA-613F237E2874}.Debug|Any CPU.ActiveCfg = Debug|Any CPU
		{239DCA67-91B1-4936-B7DA-613F237E2874}.Debug|Any CPU.Build.0 = Debug|Any CPU
		{239DCA67-91B1-4936-B7DA-613F237E2874}.Release|Any CPU.ActiveCfg = Release|Any CPU
		{239DCA67-91B1-4936-B7DA-613F237E2874}.Release|Any CPU.Build.0 = Release|Any CPU
		{0CCE455D-D235-4561-9EB8-E23EAD64B353}.Debug|Any CPU.ActiveCfg = Debug|Any CPU
		{0CCE455D-D235-4561-9EB8-E23EAD64B353}.Debug|Any CPU.Build.0 = Debug|Any CPU
		{0CCE455D-D235-4561-9EB8-E23EAD64B353}.Release|Any CPU.ActiveCfg = Release|Any CPU
		{0CCE455D-D235-4561-9EB8-E23EAD64B353}.Release|Any CPU.Build.0 = Release|Any CPU
		{A9F22F0E-6613-4F06-9B63-AF3431283DA9}.Debug|Any CPU.ActiveCfg = Debug|Any CPU
		{A9F22F0E-6613-4F06-9B63-AF3431283DA9}.Debug|Any CPU.Build.0 = Debug|Any CPU
		{A9F22F0E-6613-4F06-9B63-AF3431283DA9}.Release|Any CPU.ActiveCfg = Release|Any CPU
		{A9F22F0E-6613-4F06-9B63-AF3431283DA9}.Release|Any CPU.Build.0 = Release|Any CPU
	EndGlobalSection
	GlobalSection(SolutionProperties) = preSolution
		HideSolutionNode = FALSE
	EndGlobalSection
EndGlobal
